
Microsoft Visual Studio Solution File, Format Version 12.00
# Visual Studio Version 17
VisualStudioVersion = 17.14.36915.13 d17.14
MinimumVisualStudioVersion = 10.0.40219.1
Project("{FAE04EC0-301F-11D3-BF4B-00C04F79EFBC}") = "QuizWindow.xaml.cs", "QuizWindow.xaml.cs\QuizWindow.xaml.cs.csproj", "{818D226E-657E-4D9A-8DF0-C715A3AEB3DD}"
EndProject
Global
	GlobalSection(SolutionConfigurationPlatforms) = preSolution
		Debug|Any CPU = Debug|Any CPU
		Release|Any CPU = Release|Any CPU
	EndGlobalSection
	GlobalSection(ProjectConfigurationPlatforms) = postSolution
		{818D226E-657E-4D9A-8DF0-C715A3AEB3DD}.Debug|Any CPU.ActiveCfg = Debug|Any CPU
		{818D226E-657E-4D9A-8DF0-C715A3AEB3DD}.Debug|Any CPU.Build.0 = Debug|Any CPU
		{818D226E-657E-4D9A-8DF0-C715A3AEB3DD}.Release|Any CPU.ActiveCfg = Release|Any CPU
		{818D226E-657E-4D9A-8DF0-C715A3AEB3DD}.Release|Any CPU.Build.0 = Release|Any CPU
	EndGlobalSection
	GlobalSection(SolutionProperties) = preSolution
		HideSolutionNode = FALSE
	EndGlobalSection
	GlobalSection(ExtensibilityGlobals) = postSolution
		SolutionGuid = {DC4A2E3D-6638-4843-B37F-E02872DBB46E}
	EndGlobalSection
EndGlobal
